
Microsoft Visual Studio Solution File, Format Version 12.00
# Visual Studio Version 16
VisualStudioVersion = 16.0.32901.82
MinimumVisualStudioVersion = 10.0.40219.1
Project("{FAE04EC0-301F-11D3-BF4B-00C04F79EFBC}") = "prim algorithm", "prim algorithm\prim algorithm.csproj", "{7A69F105-A8B2-4A31-9767-2C61E1B06403}"
EndProject
Global
	GlobalSection(SolutionConfigurationPlatforms) = preSolution
		Debug|Any CPU = Debug|Any CPU
		Release|Any CPU = Release|Any CPU
	EndGlobalSection
	GlobalSection(ProjectConfigurationPlatforms) = postSolution
		{7A69F105-A8B2-4A31-9767-2C61E1B06403}.Debug|Any CPU.ActiveCfg = Debug|Any CPU
		{7A69F105-A8B2-4A31-9767-2C61E1B06403}.Debug|Any CPU.Build.0 = Debug|Any CPU
		{7A69F105-A8B2-4A31-9767-2C61E1B06403}.Release|Any CPU.ActiveCfg = Release|Any CPU
		{7A69F105-A8B2-4A31-9767-2C61E1B06403}.Release|Any CPU.Build.0 = Release|Any CPU
	EndGlobalSection
	GlobalSection(SolutionProperties) = preSolution
		HideSolutionNode = FALSE
	EndGlobalSection
	GlobalSection(ExtensibilityGlobals) = postSolution
		SolutionGuid = {F1D216FA-BE72-4BEA-B694-B1FFE15F9CB9}
	EndGlobalSection
EndGlobal
